
Microsoft Visual Studio Solution File, Format Version 12.00
# Visual Studio Version 17
VisualStudioVersion = 17.2.32602.215
MinimumVisualStudioVersion = 10.0.40219.1
Project("{FAE04EC0-301F-11D3-BF4B-00C04F79EFBC}") = "3. HAFTA", "3. HAFTA\3. HAFTA.csproj", "{BDC249CC-5B84-4BC6-9863-9EA9415C6FD8}"
EndProject
Global
	GlobalSection(SolutionConfigurationPlatforms) = preSolution
		Debug|Any CPU = Debug|Any CPU
		Release|Any CPU = Release|Any CPU
	EndGlobalSection
	GlobalSection(ProjectConfigurationPlatforms) = postSolution
		{BDC249CC-5B84-4BC6-9863-9EA9415C6FD8}.Debug|Any CPU.ActiveCfg = Debug|Any CPU
		{BDC249CC-5B84-4BC6-9863-9EA9415C6FD8}.Debug|Any CPU.Build.0 = Debug|Any CPU
		{BDC249CC-5B84-4BC6-9863-9EA9415C6FD8}.Release|Any CPU.ActiveCfg = Release|Any CPU
		{BDC249CC-5B84-4BC6-9863-9EA9415C6FD8}.Release|Any CPU.Build.0 = Release|Any CPU
	EndGlobalSection
	GlobalSection(SolutionProperties) = preSolution
		HideSolutionNode = FALSE
	EndGlobalSection
	GlobalSection(ExtensibilityGlobals) = postSolution
		SolutionGuid = {7386CF20-625D-4E0E-B16B-7E9F5016F6B9}
	EndGlobalSection
EndGlobal
